// !$*UTF8*$!
{
	archiveVersion = 1;
	classes = {
	};
	objectVersion = 48;
	objects = {

/* Begin PBXBuildFile section */
		8F1D580E200ABA1500C44752 /* original.cpp in Sources */ = {isa = PBXBuildFile; fileRef = 8F1D580D200ABA1500C44752 /* original.cpp */; };
		8F1D5817200ABD6B00C44752 /* Flatulan.cpp in Sources */ = {isa = PBXBuildFile; fileRef = 8F1D5815200ABD6B00C44752 /* Flatulan.cpp */; };
		8F1D581A200ABD7B00C44752 /* Player.cpp in Sources */ = {isa = PBXBuildFile; fileRef = 8F1D5818200ABD7B00C44752 /* Player.cpp */; };
		8F1D581D200ABD8100C44752 /* History.cpp in Sources */ = {isa = PBXBuildFile; fileRef = 8F1D581B200ABD8100C44752 /* History.cpp */; };
		8F1D5820200ABD8B00C44752 /* City.cpp in Sources */ = {isa = PBXBuildFile; fileRef = 8F1D581E200ABD8B00C44752 /* City.cpp */; };
		8F1D5823200ABD9300C44752 /* Game.cpp in Sources */ = {isa = PBXBuildFile; fileRef = 8F1D5821200ABD9300C44752 /* Game.cpp */; };
		8F1D5825200ABDA400C44752 /* utilities.cpp in Sources */ = {isa = PBXBuildFile; fileRef = 8F1D5824200ABDA400C44752 /* utilities.cpp */; };
		8F1D5827200ABDAA00C44752 /* main.cpp in Sources */ = {isa = PBXBuildFile; fileRef = 8F1D5826200ABDAA00C44752 /* main.cpp */; };
/* End PBXBuildFile section */

/* Begin PBXCopyFilesBuildPhase section */
		8F1D5808200ABA1500C44752 /* CopyFiles */ = {
			isa = PBXCopyFilesBuildPhase;
			buildActionMask = 2147483647;
			dstPath = /usr/share/man/man1/;
			dstSubfolderSpec = 0;
			files = (
			);
			runOnlyForDeploymentPostprocessing = 1;
		};
/* End PBXCopyFilesBuildPhase section */

/* Begin PBXFileReference section */
		8F1D580A200ABA1500C44752 /* Project_1 */ = {isa = PBXFileReference; explicitFileType = "compiled.mach-o.executable"; includeInIndex = 0; path = Project_1; sourceTree = BUILT_PRODUCTS_DIR; };
		8F1D580D200ABA1500C44752 /* original.cpp */ = {isa = PBXFileReference; lastKnownFileType = sourcecode.cpp.cpp; path = original.cpp; sourceTree = "<group>"; };
		8F1D5815200ABD6B00C44752 /* Flatulan.cpp */ = {isa = PBXFileReference; lastKnownFileType = sourcecode.cpp.cpp; path = Flatulan.cpp; sourceTree = "<group>"; };
		8F1D5818200ABD7B00C44752 /* Player.cpp */ = {isa = PBXFileReference; lastKnownFileType = sourcecode.cpp.cpp; path = Player.cpp; sourceTree = "<group>"; };
		8F1D581B200ABD8100C44752 /* History.cpp */ = {isa = PBXFileReference; lastKnownFileType = sourcecode.cpp.cpp; path = History.cpp; sourceTree = "<group>"; };
		8F1D581E200ABD8B00C44752 /* City.cpp */ = {isa = PBXFileReference; lastKnownFileType = sourcecode.cpp.cpp; path = City.cpp; sourceTree = "<group>"; };
		8F1D5821200ABD9300C44752 /* Game.cpp */ = {isa = PBXFileReference; lastKnownFileType = sourcecode.cpp.cpp; path = Game.cpp; sourceTree = "<group>"; };
		8F1D5824200ABDA400C44752 /* utilities.cpp */ = {isa = PBXFileReference; lastKnownFileType = sourcecode.cpp.cpp; path = utilities.cpp; sourceTree = "<group>"; };
		8F1D5826200ABDAA00C44752 /* main.cpp */ = {isa = PBXFileReference; lastKnownFileType = sourcecode.cpp.cpp; path = main.cpp; sourceTree = "<group>"; };
		8F1D5828200ABDB900C44752 /* globals.h */ = {isa = PBXFileReference; lastKnownFileType = sourcecode.c.h; path = globals.h; sourceTree = "<group>"; };
		8F9695E7200ABE8200082AFC /* Flatulan.h */ = {isa = PBXFileReference; lastKnownFileType = sourcecode.c.h; path = Flatulan.h; sourceTree = "<group>"; };
		8F9695E8200ABE9300082AFC /* Player.h */ = {isa = PBXFileReference; lastKnownFileType = sourcecode.c.h; path = Player.h; sourceTree = "<group>"; };
		8F9695EB200ABEAE00082AFC /* History.h */ = {isa = PBXFileReference; lastKnownFileType = sourcecode.c.h; path = History.h; sourceTree = "<group>"; };
		8F9695EC200ABEB700082AFC /* City.h */ = {isa = PBXFileReference; lastKnownFileType = sourcecode.c.h; path = City.h; sourceTree = "<group>"; };
		8F9695ED200ABEBF00082AFC /* Game.h */ = {isa = PBXFileReference; lastKnownFileType = sourcecode.c.h; path = Game.h; sourceTree = "<group>"; };
/* End PBXFileReference section */

/* Begin PBXFrameworksBuildPhase section */
		8F1D5807200ABA1500C44752 /* Frameworks */ = {
			isa = PBXFrameworksBuildPhase;
			buildActionMask = 2147483647;
			files = (
			);
			runOnlyForDeploymentPostprocessing = 0;
		};
/* End PBXFrameworksBuildPhase section */

/* Begin PBXGroup section */
		8F1D5801200ABA1500C44752 = {
			isa = PBXGroup;
			children = (
				8F1D580C200ABA1500C44752 /* Project_1 */,
				8F1D580B200ABA1500C44752 /* Products */,
			);
			sourceTree = "<group>";
		};
		8F1D580B200ABA1500C44752 /* Products */ = {
			isa = PBXGroup;
			children = (
				8F1D580A200ABA1500C44752 /* Project_1 */,
			);
			name = Products;
			sourceTree = "<group>";
		};
		8F1D580C200ABA1500C44752 /* Project_1 */ = {
			isa = PBXGroup;
			children = (
				8F1D580D200ABA1500C44752 /* original.cpp */,
				8F1D5815200ABD6B00C44752 /* Flatulan.cpp */,
				8F9695E7200ABE8200082AFC /* Flatulan.h */,
				8F1D5818200ABD7B00C44752 /* Player.cpp */,
				8F9695E8200ABE9300082AFC /* Player.h */,
				8F1D581B200ABD8100C44752 /* History.cpp */,
				8F9695EB200ABEAE00082AFC /* History.h */,
				8F1D581E200ABD8B00C44752 /* City.cpp */,
				8F9695EC200ABEB700082AFC /* City.h */,
				8F1D5821200ABD9300C44752 /* Game.cpp */,
				8F9695ED200ABEBF00082AFC /* Game.h */,
				8F1D5824200ABDA400C44752 /* utilities.cpp */,
				8F1D5826200ABDAA00C44752 /* main.cpp */,
				8F1D5828200ABDB900C44752 /* globals.h */,
			);
			path = Project_1;
			sourceTree = "<group>";
		};
/* End PBXGroup section */

/* Begin PBXNativeTarget section */
		8F1D5809200ABA1500C44752 /* Project_1 */ = {
			isa = PBXNativeTarget;
			buildConfigurationList = 8F1D5811200ABA1500C44752 /* Build configuration list for PBXNativeTarget "Project_1" */;
			buildPhases = (
				8F1D5806200ABA1500C44752 /* Sources */,
				8F1D5807200ABA1500C44752 /* Frameworks */,
				8F1D5808200ABA1500C44752 /* CopyFiles */,
			);
			buildRules = (
			);
			dependencies = (
			);
			name = Project_1;
			productName = Project_1;
			productReference = 8F1D580A200ABA1500C44752 /* Project_1 */;
			productType = "com.apple.product-type.tool";
		};
/* End PBXNativeTarget section */

/* Begin PBXProject section */
		8F1D5802200ABA1500C44752 /* Project object */ = {
			isa = PBXProject;
			attributes = {
				LastUpgradeCheck = 0920;
				ORGANIZATIONNAME = "Anirudh Balasubramaniam";
				TargetAttributes = {
					8F1D5809200ABA1500C44752 = {
						CreatedOnToolsVersion = 9.2;
						ProvisioningStyle = Automatic;
					};
				};
			};
			buildConfigurationList = 8F1D5805200ABA1500C44752 /* Build configuration list for PBXProject "Project_1" */;
			compatibilityVersion = "Xcode 8.0";
			developmentRegion = en;
			hasScannedForEncodings = 0;
			knownRegions = (
				en,
			);
			mainGroup = 8F1D5801200ABA1500C44752;
			productRefGroup = 8F1D580B200ABA1500C44752 /* Products */;
			projectDirPath = "";
			projectRoot = "";
			targets = (
				8F1D5809200ABA1500C44752 /* Project_1 */,
			);
		};
/* End PBXProject section */

/* Begin PBXSourcesBuildPhase section */
		8F1D5806200ABA1500C44752 /* Sources */ = {
			isa = PBXSourcesBuildPhase;
			buildActionMask = 2147483647;
			files = (
				8F1D5817200ABD6B00C44752 /* Flatulan.cpp in Sources */,
				8F1D580E200ABA1500C44752 /* original.cpp in Sources */,
				8F1D581D200ABD8100C44752 /* History.cpp in Sources */,
				8F1D5823200ABD9300C44752 /* Game.cpp in Sources */,
				8F1D581A200ABD7B00C44752 /* Player.cpp in Sources */,
				8F1D5825200ABDA400C44752 /* utilities.cpp in Sources */,
				8F1D5827200ABDAA00C44752 /* main.cpp in Sources */,
				8F1D5820200ABD8B00C44752 /* City.cpp in Sources */,
			);
			runOnlyForDeploymentPostprocessing = 0;
		};
/* End PBXSourcesBuildPhase section */

/* Begin XCBuildConfiguration section */
		8F1D580F200ABA1500C44752 /* Debug */ = {
			isa = XCBuildConfiguration;
			buildSettings = {
				ALWAYS_SEARCH_USER_PATHS = NO;
				CLANG_ANALYZER_NONNULL = YES;
				CLANG_ANALYZER_NUMBER_OBJECT_CONVERSION = YES_AGGRESSIVE;
				CLANG_CXX_LANGUAGE_STANDARD = "gnu++14";
				CLANG_CXX_LIBRARY = "libc++";
				CLANG_ENABLE_MODULES = YES;
				CLANG_ENABLE_OBJC_ARC = YES;
				CLANG_WARN_BLOCK_CAPTURE_AUTORELEASING = YES;
				CLANG_WARN_BOOL_CONVERSION = YES;
				CLANG_WARN_COMMA = YES;
				CLANG_WARN_CONSTANT_CONVERSION = YES;
				CLANG_WARN_DIRECT_OBJC_ISA_USAGE = YES_ERROR;
				CLANG_WARN_DOCUMENTATION_COMMENTS = YES;
				CLANG_WARN_EMPTY_BODY = YES;
				CLANG_WARN_ENUM_CONVERSION = YES;
				CLANG_WARN_INFINITE_RECURSION = YES;
				CLANG_WARN_INT_CONVERSION = YES;
				CLANG_WARN_NON_LITERAL_NULL_CONVERSION = YES;
				CLANG_WARN_OBJC_LITERAL_CONVERSION = YES;
				CLANG_WARN_OBJC_ROOT_CLASS = YES_ERROR;
				CLANG_WARN_RANGE_LOOP_ANALYSIS = YES;
				CLANG_WARN_STRICT_PROTOTYPES = YES;
				CLANG_WARN_SUSPICIOUS_MOVE = YES;
				CLANG_WARN_UNGUARDED_AVAILABILITY = YES_AGGRESSIVE;
				CLANG_WARN_UNREACHABLE_CODE = YES;
				CLANG_WARN__DUPLICATE_METHOD_MATCH = YES;
				CODE_SIGN_IDENTITY = "-";
				COPY_PHASE_STRIP = NO;
				DEBUG_INFORMATION_FORMAT = dwarf;
				ENABLE_STRICT_OBJC_MSGSEND = YES;
				ENABLE_TESTABILITY = YES;
				GCC_C_LANGUAGE_STANDARD = gnu11;
				GCC_DYNAMIC_NO_PIC = NO;
				GCC_NO_COMMON_BLOCKS = YES;
				GCC_OPTIMIZATION_LEVEL = 0;
				GCC_PREPROCESSOR_DEFINITIONS = (
					"DEBUG=1",
					"$(inherited)",
				);
				GCC_WARN_64_TO_32_BIT_CONVERSION = YES;
				GCC_WARN_ABOUT_RETURN_TYPE = YES_ERROR;
				GCC_WARN_UNDECLARED_SELECTOR = YES;
				GCC_WARN_UNINITIALIZED_AUTOS = YES_AGGRESSIVE;
				GCC_WARN_UNUSED_FUNCTION = YES;
				GCC_WARN_UNUSED_VARIABLE = YES;
				MACOSX_DEPLOYMENT_TARGET = 10.13;
				MTL_ENABLE_DEBUG_INFO = YES;
				ONLY_ACTIVE_ARCH = YES;
				SDKROOT = macosx;
			};
			name = Debug;
		};
		8F1D5810200ABA1500C44752 /* Release */ = {
			isa = XCBuildConfiguration;
			buildSettings = {
				ALWAYS_SEARCH_USER_PATHS = NO;
				CLANG_ANALYZER_NONNULL = YES;
				CLANG_ANALYZER_NUMBER_OBJECT_CONVERSION = YES_AGGRESSIVE;
				CLANG_CXX_LANGUAGE_STANDARD = "gnu++14";
				CLANG_CXX_LIBRARY = "libc++";
				CLANG_ENABLE_MODULES = YES;
				CLANG_ENABLE_OBJC_ARC = YES;
				CLANG_WARN_BLOCK_CAPTURE_AUTORELEASING = YES;
				CLANG_WARN_BOOL_CONVERSION = YES;
				CLANG_WARN_COMMA = YES;
				CLANG_WARN_CONSTANT_CONVERSION = YES;
				CLANG_WARN_DIRECT_OBJC_ISA_USAGE = YES_ERROR;
				CLANG_WARN_DOCUMENTATION_COMMENTS = YES;
				CLANG_WARN_EMPTY_BODY = YES;
				CLANG_WARN_ENUM_CONVERSION = YES;
				CLANG_WARN_INFINITE_RECURSION = YES;
				CLANG_WARN_INT_CONVERSION = YES;
				CLANG_WARN_NON_LITERAL_NULL_CONVERSION = YES;
				CLANG_WARN_OBJC_LITERAL_CONVERSION = YES;
				CLANG_WARN_OBJC_ROOT_CLASS = YES_ERROR;
				CLANG_WARN_RANGE_LOOP_ANALYSIS = YES;
				CLANG_WARN_STRICT_PROTOTYPES = YES;
				CLANG_WARN_SUSPICIOUS_MOVE = YES;
				CLANG_WARN_UNGUARDED_AVAILABILITY = YES_AGGRESSIVE;
				CLANG_WARN_UNREACHABLE_CODE = YES;
				CLANG_WARN__DUPLICATE_METHOD_MATCH = YES;
				CODE_SIGN_IDENTITY = "-";
				COPY_PHASE_STRIP = NO;
				DEBUG_INFORMATION_FORMAT = "dwarf-with-dsym";
				ENABLE_NS_ASSERTIONS = NO;
				ENABLE_STRICT_OBJC_MSGSEND = YES;
				GCC_C_LANGUAGE_STANDARD = gnu11;
				GCC_NO_COMMON_BLOCKS = YES;
				GCC_WARN_64_TO_32_BIT_CONVERSION = YES;
				GCC_WARN_ABOUT_RETURN_TYPE = YES_ERROR;
				GCC_WARN_UNDECLARED_SELECTOR = YES;
				GCC_WARN_UNINITIALIZED_AUTOS = YES_AGGRESSIVE;
				GCC_WARN_UNUSED_FUNCTION = YES;
				GCC_WARN_UNUSED_VARIABLE = YES;
				MACOSX_DEPLOYMENT_TARGET = 10.13;
				MTL_ENABLE_DEBUG_INFO = NO;
				SDKROOT = macosx;
			};
			name = Release;
		};
		8F1D5812200ABA1500C44752 /* Debug */ = {
			isa = XCBuildConfiguration;
			buildSettings = {
				CODE_SIGN_STYLE = Automatic;
				PRODUCT_NAME = "$(TARGET_NAME)";
			};
			name = Debug;
		};
		8F1D5813200ABA1500C44752 /* Release */ = {
			isa = XCBuildConfiguration;
			buildSettings = {
				CODE_SIGN_STYLE = Automatic;
				PRODUCT_NAME = "$(TARGET_NAME)";
			};
			name = Release;
		};
/* End XCBuildConfiguration section */

/* Begin XCConfigurationList section */
		8F1D5805200ABA1500C44752 /* Build configuration list for PBXProject "Project_1" */ = {
			isa = XCConfigurationList;
			buildConfigurations = (
				8F1D580F200ABA1500C44752 /* Debug */,
				8F1D5810200ABA1500C44752 /* Release */,
			);
			defaultConfigurationIsVisible = 0;
			defaultConfigurationName = Release;
		};
		8F1D5811200ABA1500C44752 /* Build configuration list for PBXNativeTarget "Project_1" */ = {
			isa = XCConfigurationList;
			buildConfigurations = (
				8F1D5812200ABA1500C44752 /* Debug */,
				8F1D5813200ABA1500C44752 /* Release */,
			);
			defaultConfigurationIsVisible = 0;
			defaultConfigurationName = Release;
		};
/* End XCConfigurationList section */
	};
	rootObject = 8F1D5802200ABA1500C44752 /* Project object */;
}
